
Microsoft Visual Studio Solution File, Format Version 12.00
# Visual Studio 15
VisualStudioVersion = 15.0.28010.2041
MinimumVisualStudioVersion = 10.0.40219.1
Project("{FAE04EC0-301F-11D3-BF4B-00C04F79EFBC}") = "Nifnif.Stratum.App", "Nifnif.Stratum.App\Nifnif.Stratum.App.csproj", "{FB758E1D-BE2F-4934-BB90-493AAAC0C20D}"
EndProject
Project("{FAE04EC0-301F-11D3-BF4B-00C04F79EFBC}") = "Nifnif.Stratum.Services", "Nifnif.Stratum.Services\Nifnif.Stratum.Services.csproj", "{0748A7A4-B884-43C2-920C-3A2D5F0C60D6}"
EndProject
Project("{FAE04EC0-301F-11D3-BF4B-00C04F79EFBC}") = "Nifnif.Stratum.Common", "Nifnif.Stratum.Common\Nifnif.Stratum.Common.csproj", "{74103A72-E570-49A6-9E7A-C4411FBE72BF}"
EndProject
Global
	GlobalSection(SolutionConfigurationPlatforms) = preSolution
		Debug|Any CPU = Debug|Any CPU
		Release|Any CPU = Release|Any CPU
	EndGlobalSection
	GlobalSection(ProjectConfigurationPlatforms) = postSolution
		{FB758E1D-BE2F-4934-BB90-493AAAC0C20D}.Debug|Any CPU.ActiveCfg = Debug|Any CPU
		{FB758E1D-BE2F-4934-BB90-493AAAC0C20D}.Debug|Any CPU.Build.0 = Debug|Any CPU
		{FB758E1D-BE2F-4934-BB90-493AAAC0C20D}.Release|Any CPU.ActiveCfg = Release|Any CPU
		{FB758E1D-BE2F-4934-BB90-493AAAC0C20D}.Release|Any CPU.Build.0 = Release|Any CPU
		{0748A7A4-B884-43C2-920C-3A2D5F0C60D6}.Debug|Any CPU.ActiveCfg = Debug|Any CPU
		{0748A7A4-B884-43C2-920C-3A2D5F0C60D6}.Debug|Any CPU.Build.0 = Debug|Any CPU
		{0748A7A4-B884-43C2-920C-3A2D5F0C60D6}.Release|Any CPU.ActiveCfg = Release|Any CPU
		{0748A7A4-B884-43C2-920C-3A2D5F0C60D6}.Release|Any CPU.Build.0 = Release|Any CPU
		{74103A72-E570-49A6-9E7A-C4411FBE72BF}.Debug|Any CPU.ActiveCfg = Debug|Any CPU
		{74103A72-E570-49A6-9E7A-C4411FBE72BF}.Debug|Any CPU.Build.0 = Debug|Any CPU
		{74103A72-E570-49A6-9E7A-C4411FBE72BF}.Release|Any CPU.ActiveCfg = Release|Any CPU
		{74103A72-E570-49A6-9E7A-C4411FBE72BF}.Release|Any CPU.Build.0 = Release|Any CPU
	EndGlobalSection
	GlobalSection(SolutionProperties) = preSolution
		HideSolutionNode = FALSE
	EndGlobalSection
	GlobalSection(ExtensibilityGlobals) = postSolution
		SolutionGuid = {72233ABC-827E-4057-8F16-E18F1A30D9B8}
	EndGlobalSection
EndGlobal
